
Microsoft Visual Studio Solution File, Format Version 12.00
# Visual Studio Version 17
VisualStudioVersion = 17.8.34511.84
MinimumVisualStudioVersion = 10.0.40219.1
Project("{888888A0-9F3D-457C-B088-3A5042F75D52}") = "app", "app\app.pyproj", "{A6053240-5808-4BF1-9591-6F02D5E35738}"
EndProject
Global
	GlobalSection(SolutionConfigurationPlatforms) = preSolution
		Debug|Any CPU = Debug|Any CPU
		Release|Any CPU = Release|Any CPU
	EndGlobalSection
	GlobalSection(ProjectConfigurationPlatforms) = postSolution
		{A6053240-5808-4BF1-9591-6F02D5E35738}.Debug|Any CPU.ActiveCfg = Debug|Any CPU
		{A6053240-5808-4BF1-9591-6F02D5E35738}.Release|Any CPU.ActiveCfg = Release|Any CPU
	EndGlobalSection
	GlobalSection(SolutionProperties) = preSolution
		HideSolutionNode = FALSE
	EndGlobalSection
	GlobalSection(ExtensibilityGlobals) = postSolution
		SolutionGuid = {E0589F05-FA29-43AE-B7AC-80A83DFEB59D}
	EndGlobalSection
EndGlobal
